
Microsoft Visual Studio Solution File, Format Version 12.00
# Visual Studio Version 17
VisualStudioVersion = 17.2.32616.157
MinimumVisualStudioVersion = 10.0.40219.1
Project("{FAE04EC0-301F-11D3-BF4B-00C04F79EFBC}") = "MethodExercise", "MethodExercise\MethodExercise.csproj", "{EA33880D-57C2-45C6-B481-153B145EDDF7}"
EndProject
Global
	GlobalSection(SolutionConfigurationPlatforms) = preSolution
		Debug|Any CPU = Debug|Any CPU
		Release|Any CPU = Release|Any CPU
	EndGlobalSection
	GlobalSection(ProjectConfigurationPlatforms) = postSolution
		{EA33880D-57C2-45C6-B481-153B145EDDF7}.Debug|Any CPU.ActiveCfg = Debug|Any CPU
		{EA33880D-57C2-45C6-B481-153B145EDDF7}.Debug|Any CPU.Build.0 = Debug|Any CPU
		{EA33880D-57C2-45C6-B481-153B145EDDF7}.Release|Any CPU.ActiveCfg = Release|Any CPU
		{EA33880D-57C2-45C6-B481-153B145EDDF7}.Release|Any CPU.Build.0 = Release|Any CPU
	EndGlobalSection
	GlobalSection(SolutionProperties) = preSolution
		HideSolutionNode = FALSE
	EndGlobalSection
	GlobalSection(ExtensibilityGlobals) = postSolution
		SolutionGuid = {699F7AE1-21B7-474C-8310-BCD64C41F9AF}
	EndGlobalSection
EndGlobal
